},
      "engines": {
        "node": ">=6.9.0"
      }
    },
    "node_modules/@babel/traverse/node_modules/@babel/generator": {
      "version": "7.18.10",
      "resolved": "https://registry.npmjs.org/@babel/generator/-/generator-7.18.10.tgz",
      "integrity": "sha512-0+sW7e3HjQbiHbj1NeU/vN8ornohYlacAfZIaXhdoGweQqgcNy69COVciYYqEXJ/v+9OBA7Frxm4CVAuNqKeNA==",
      "dev": true,
      "dependencies": {
        "@babel/types": "^7.18.10",
        "@jridgewell/gen-mapping": "^0.3.2",
        "jsesc": "^2.5.1"
      },
      "engines": {
        "node": ">=6.9.0"
      }
    },
    "node_modules/@babel/traverse/node_modules/@jridgewell/gen-mapping": {
      "version": "0.3.2",
      "resolved": "https://registry.npmjs.org/@jridgewell/gen-mapping/-/gen-mapping-0.3.2.tgz",
      "integrity": "sha512-mh65xKQAzI6iBcFzwv28KVWSmCkdRBWoOh+bYQGW3+6OZvbbN3TqMGo5hqYxQniRcH9F2VZIoJCm4pa3BPDK/A==",
      "dev": true,
      "dependencies": {
        "@jridgewell/set-array": "^1.0.1",
        "@jridgewell/sourcemap-codec": "^1.4.10",
        "@jridgewell/trace-mapping": "^0.3.9"
      },
      "engines": {
        "node": ">=6.0.0"
      }
    },
    "node_modules/@babel/types": {
      "version": "7.18.10",
      "resolved": "https://registry.npmjs.org/@babel/types/-/types-7.18.10.tgz",
      "integrity": "sha512-MJvnbEiiNkpjo+LknnmRrqbY1GPUUggjv+wQVjetM/AONoupqRALB7I6jGqNUAZsKcRIEu2J6FRFvsczljjsaQ==",
      "dev": true,
      "dependencies": {
        "@babel/helper-string-parser": "^7.18.10",
        "@babel/helper-validator-identifier": "^7.18.6",
        "to-fast-properties": "^2.0.0"
      },
      "engines": {
        "node": ">=6.9.0"
      }
    },
    "node_modules/@colors/colors": {
      "version": "1.5.0",
      "resolved": "https://registry.npmjs.org/@colors/colors/-/colors-1.5.0.tgz",
      "integrity": "sha512-ooWCrlZP11i8GImSjTHYHLkvFDP48nS4+204nGb1RiX/WXYHmJA2III9/e2DWVabCESdW7hBAEzHRqUn9OUVvQ==",
      "dev": true,
      "engines": {
        "node": ">=0.1.90"
      }
    },
    "node_modules/@csstools/postcss-cascade-layers": {
      "version": "1.0.5",
      "resolved": "https://registry.npmjs.org/@csstools/postcss-cascade-layers/-/postcss-cascade-layers-1.0.5.tgz",
      "integrity": "sha512-Id/9wBT7FkgFzdEpiEWrsVd4ltDxN0rI0QS0SChbeQiSuux3z21SJCRLu6h2cvCEUmaRi+VD0mHFj+GJD4GFnw==",
      "dev": true,
      "dependencies": {
        "@csstools/selector-specificity": "^2.0.2",
        "postcss-selector-parser": "^6.0.10"
      },
      "engines": {
        "node": "^12 || ^14 || >=16"
      },
      "funding": {
        "type": "opencollective",
        "url": "https://opencollective.com/csstools"
      },
      "peerDependencies": {
        "postcss": "^8.2"
      }
    },
    "node_modules/@csstools/postcss-color-function": {
      "version": "1.1.1",
      "resolved": "https://registry.npmjs.org/@csstools/postcss-color-function/-/postcss-color-function-1.1.1.tgz",
      "integrity": "sha512-Bc0f62WmHdtRDjf5f3e2STwRAl89N2CLb+9iAwzrv4L2hncrbDwnQD9PCq0gtAt7pOI2leIV08HIBUd4jxD8cw==",
      "dev": true,
      "dependencies": {
        "@csstools/postcss-progressive-custom-properties": "^1.1.0",
        "postcss-value-parser": "^4.2.0"
      },
      "engines": {
        "node": "^12 || ^14 || >=16"
      },
      "funding": {
        "type": "opencollective",
        "url": "https://opencollective.com/csstools"
      },
      "peerDependencies": {
        "postcss": "^8.2"
      }
    },
    "node_modules/@csstools/postcss-font-format-keywords": {
      "version": "1.0.1",
      "resolved": "https://registry.npmjs.org/@csstools/postcss-font-format-keywords/-/postcss-font-format-keywords-1.0.1.tgz",
      "integrity": "sha512-ZgrlzuUAjXIOc2JueK0X5sZDjCtgimVp/O5CEqTcs5ShWBa6smhWYbS0x5cVc/+rycTDbjjzoP0KTDnUneZGOg==",
      "dev": true,
      "dependencies": {
        "postcss-value-parser": "^4.2.0"
      },
      "engines": {
        "node": "^12 || ^14 || >=16"
      },
      "funding": {
        "type": "opencollective",
        "url": "https://opencollective.com/csstools"
      },
      "peerDependencies": {
        "postcss": "^8.2"
      }
    },
    "node_modules/@csstools/postcss-hwb-function": {
      "version": "1.0.2",
      "resolved": "https://registry.npmjs.org/@csstools/postcss-hwb-function/-/postcss-hwb-function-1.0.2.tgz",
      "integrity": "sha512-YHdEru4o3Rsbjmu6vHy4UKOXZD+Rn2zmkAmLRfPet6+Jz4Ojw8cbWxe1n42VaXQhD3CQUXXTooIy8OkVbUcL+w==",
      "dev": true,
      "dependencies": {
        "postcss-value-parser": "^4.2.0"
      },
      "engines": {
        "node": "^12 || ^14 || >=16"
      },
      "funding": {
        "type": "opencollective",
        "url": "https://opencollective.com/csstools"
      },
      "peerDependencies": {
        "postcss": "^8.2"
      }
    },
    "node_modules/@csstools/postcss-ic-unit": {
      "version": "1.0.1",
      "resolved": "https://registry.npmjs.org/@csstools/postcss-ic-unit/-/postcss-ic-unit-1.0.1.tgz",
      "integrity": "sha512-Ot1rcwRAaRHNKC9tAqoqNZhjdYBzKk1POgWfhN4uCOE47ebGcLRqXjKkApVDpjifL6u2/55ekkpnFcp+s/OZUw==",
      "dev": true,
      "dependencies": {
        "@csstools/postcss-progressive-custom-properties": "^1.1.0",
        "postcss-value-parser": "^4.2.0"
      },
      "engines": {
        "node": "^12 || ^14 || >=16"
      },
      "funding": {
        "type": "opencollective",
        "url": "https://opencollective.com/csstools"
      },
      "peerDependencies": {
        "postcss": "^8.2"
      }
    },
    "node_modules/@csstools/postcss-is-pseudo-class": {
      "version": "2.0.7",
      "resolved": "https://registry.npmjs.org/@csstools/postcss-is-pseudo-class/-/postcss-is-pseudo-class-2.0.7.tgz",
      "integrity": "sha512-7JPeVVZHd+jxYdULl87lvjgvWldYu+Bc62s9vD/ED6/QTGjy0jy0US/f6BG53sVMTBJ1lzKZFpYmofBN9eaRiA==",
      "dev": true,
      "dependencies": {
        "@csstools/selector-specificity": "^2.0.0",
        "postcss-selector-parser": "^6.0.10"
      },
      "engines": {
        "node": "^12 || ^14 || >=16"
      },
      "funding": {
        "type": "opencollective",
        "url": "https://opencollective.com/csstools"
      },
      "peerDependencies": {
        "postcss": "^8.2"
      }
    },
    "node_modules/@csstools/postcss-normalize-display-values": {
      "version": "1.0.1",
      "resolved": "https://registry.npmjs.org/@csstools/postcss-normalize-display-values/-/postcss-normalize-display-values-1.0.1.tgz",
      "integrity": "sha512-jcOanIbv55OFKQ3sYeFD/T0Ti7AMXc9nM1hZWu8m/2722gOTxFg7xYu4RDLJLeZmPUVQlGzo4jhzvTUq3x4ZUw==",
      "dev": true,
      "dependencies": {
        "postcss-value-parser": "^4.2.0"
      },
      "engines": {
        "node": "^12 || ^14 || >=16"
      },
      "funding": {
        "type": "opencollective",
        "url": "https://opencollective.com/csstools"
      },
      "peerDependencies": {
        "postcss": "^8.2"
      }
    },
    "node_modules/@csstools/postcss-oklab-function": {
      "version": "1.1.1",
      "resolved": "https://registry.npmjs.org/@csstools/postcss-oklab-function/-/postcss-oklab-function-1.1.1.tgz",
      "integrity": "sha512-nJpJgsdA3dA9y5pgyb/UfEzE7W5Ka7u0CX0/HIMVBNWzWemdcTH3XwANECU6anWv/ao4vVNLTMxhiPNZsTK6iA==",
      "dev": true,
      "dependencies": {
        "@csstools/postcss-progressive-custom-properties": "^1.1.0",
        "postcss-value-parser": "^4.2.0"
      },
      "engines": {
        "node": "^12 || ^14 || >=16"
      },
      "funding": {
        "type": "opencollective",
        "url": "https://opencollective.com/csstools"
      },
      "peerDependencies": {
        "postcss": "^8.2"
      }
    },
    "node_modules/@csstools/postcss-progressive-custom-properties": {
      "version": "1.3.0",
      "resolved": "https://registry.npmjs.org/@csstools/postcss-progressive-custom-properties/-/postcss-progressive-custom-properties-1.3.0.tgz",
      "integrity": "sha512-ASA9W1aIy5ygskZYuWams4BzafD12ULvSypmaLJT2jvQ8G0M3I8PRQhC0h7mG0Z3LI05+agZjqSR9+K9yaQQjA==",
      "dev": true,
      "dependencies": {
        "postcss-value-parser": "^4.2.0"
      },
      "engines": {
        "node": "^12 || ^14 || >=16"
      },
      "peerDependencies": {
        "postcss": "^8.3"
      }
    },
    "node_modules/@csstools/postcss-stepped-value-functions": {
      "version": "1.0.1",
      "resolved": "https://registry.npmjs.org/@csstools/postcss-stepped-value-functions/-/postcss-stepped-value-functions-1.0.1.tgz",
      "integrity": "sha512-dz0LNoo3ijpTOQqEJLY8nyaapl6umbmDcgj4AD0lgVQ572b2eqA1iGZYTTWhrcrHztWDDRAX2DGYyw2VBjvCvQ==",
      "dev": true,
      "dependencies": {
        "postcss-value-parser": "^4.2.0"
      },
      "engines": {
        "node": "^12 || ^14 || >=16"
      },
      "funding": {
        "type": "opencollective",
        "url": "https://opencollective.com/csstools"
      },
      "peerDependencies": {
        "postcss": "^8.2"
      }
    },
    "node_modules/@csstools/postcss-trigonometric-functions": {
      "version": "1.0.2",
      "resolved": "https://registry.npmjs.org/@csstools/postcss-trigonometric-functions/-/postcss-trigonometric-functions-1.0.2.tgz",
      "integrity": "sha512-woKaLO///4bb+zZC2s80l+7cm07M7268MsyG3M0ActXXEFi6SuhvriQYcb58iiKGbjwwIU7n45iRLEHypB47Og==",
      "dev": true,
      "dependencies": {
        "postcss-value-parser": "^4.2.0"
      },
      "engines": {
        "node": "^14 || >=16"
      },
      "funding": {
        "type": "opencollective",
        "url": "https://opencollective.com/csstools"
      },
      "peerDependencies": {
        "postcss": "^8.2"
      }
    },
    "node_modules/@csstools/postcss-unset-value": {
      "version": "1.0.2",
      "resolved": "https://registry.npmjs.org/@csstools/postcss-unset-value/-/postcss-unset-value-1.0.2.tgz",
      "integrity": "sha512-c8J4roPBILnelAsdLr4XOAR/GsTm0GJi4XpcfvoWk3U6KiTCqiFYc63KhRMQQX35jYMp4Ao8Ij9+IZRgMfJp1g==",
      "dev": true,
      "engines": {
        "node": "^12 || ^14 || >=16"
      },
      "funding": {
        "type": "opencollective",
        "url": "https://opencollective.com/csstools"
      },
      "peerDependencies": {
        "postcss": "^8.2"
      }
    },
    "node_modules/@csstools/selector-specificity": {
      "version": "2.0.2",
      "resolved": "https://registry.npmjs.org/@csstools/selector-specificity/-/selector-specificity-2.0.2.tgz",
      "integrity": "sha512-IkpVW/ehM1hWKln4fCA3NzJU8KwD+kIOvPZA4cqxoJHtE21CCzjyp+Kxbu0i5I4tBNOlXPL9mjwnWlL0VEG4Fg==",
      "dev": true,
      "engines": {
        "node": "^12 || ^14 || >=16"
      },
      "funding": {
        "type": "opencollective",
        "url": "https://opencollective.com/csstools"
      },
      "peerDependencies": {
        "postcss": "^8.2",
        "postcss-selector-parser": "^6.0.10"
      }
    },
    "node_modules/@discoveryjs/json-ext": {
      "version": "0.5.7",
      "resolved": "https://registry.npmjs.org/@discoveryjs/json-ext/-/json-ext-0.5.7.tgz",
      "integrity": "sha512-dBVuXR082gk3jsFp7Rd/JI4kytwGHecnCoTtXFb7DB6CNHp4rg5k1bhg0nWdLGLnOV71lmDzGQaLMy8iPLY0pw==",
      "dev": true,
      "engines": {
        "node": ">=10.0.0"
      }
    },
    "node_modules/@gar/promisify": {
      "version": "1.1.3",
      "resolved": "https://registry.npmjs.org/@gar/promisify/-/promisify-1.1.3.tgz",
      "integrity": "sha512-k2Ty1JcVojjJFwrg/ThKi2ujJ7XNLYaFGNB/bWT9wGR+oSMJHMa5w+CUq6p/pVrKeNNgA7pCqEcjSnHVoqJQFw==",
      "dev": true
    },
    "node_modules/@istanbuljs/load-nyc-config": {
      "version": "1.1.0",
      "resolved": "https://registry.npmjs.org/@istanbuljs/load-nyc-config/-/load-nyc-config-1.1.0.tgz",
      "integrity": "sha512-VjeHSlIzpv/NyD3N0YuHfXOPDIixcA1q2ZV98wsMqcYlPmv2n3Yb2lYP9XMElnaFVXg5A7YLTeLu6V84uQDjmQ==",
      "dev": true,
      "dependencies": {
        "camelcase": "^5.3.1",
        "find-up": "^4.1.0",
        "get-package-type": "^0.1.0",
        "js-yaml": "^3.13.1",
        "resolve-from": "^5.0.0"
      },
      "engines": {
        "node": ">=8"
      }
    },
    "node_modules/@istanbuljs/schema": {
      "version": "0.1.3",
      "resolved": "https://registry.npmjs.org/@istanbuljs/schema/-/schema-0.1.3.tgz",
      "integrity": "sha512-ZXRY4jNvVgSVQ8DL3LTcakaAtXwTVUxE81hslsyD2AtoXW/wVob10HkOJ1X/pAlcI7D+2YoZKg5do8G/w6RYgA==",
      "dev": true,
      "engines": {
        "node": ">=8"
      }
    },
    "node_modules/@jridgewell/gen-mapping": {
      "version": "0.1.1",
      "resolved": "https://registry.npmjs.org/@jridgewell/gen-mapping/-/gen-mapping-0.1.1.tgz",
      "integrity": "sha512-sQXCasFk+U8lWYEe66WxRDOE9PjVz4vSM51fTu3Hw+ClTpUSQb718772vH3pyS5pShp6lvQM7SxgIDXXXmOX7w==",
      "dev": true,
      "dependencies": {
        "@jridgewell/set-array": "^1.0.0",
        "@jridgewell/sourcemap-codec": "^1.4.10"
      },
      "engines": {
        "node": ">=6.0.0"
      }
    },
    "node_modules/@jridgewell/resolve-uri": {
      "version": "3.1.0",
      "resolved": "https://registry.npmjs.org/@jridgewell/resolve-uri/-/resolve-uri-3.1.0.tgz",
      "integrity": "sha512-F2msla3tad+Mfht5cJq7LSXcdudKTWCVYUgw6pLFOOHSTtZlj6SWNYAp+AhuqLmWdBO2X5hPrLcu8cVP8fy28w==",
      "dev": true,
      "engines": {
        "node": ">=6.0.0"
      }
    },
    "node_modules/@jridgewell/set-array": {
      "version": "1.1.2",
      "resolved": "https://registry.npmjs.org/@jridgewell/set-array/-/set-array-1.1.2.tgz",
      "integrity": "sha512-xnkseuNADM0gt2bs+BvhO0p78Mk762YnZdsuzFV018NoG1Sj1SCQvpSqa7XUaTam5vAGasABV9qXASMKnFMwMw==",
      "dev": true,
      "engines": {
        "node": ">=6.0.0"
      }
    },
    "node_modules/@jridgewell/source-map": {
      "version": "0.3.2",
      "resolved": "https://registry.npmjs.org/@jridgewell/source-map/-/source-map-0.3.2.tgz",
      "integrity": "sha512-m7O9o2uR8k2ObDysZYzdfhb08VuEml5oWGiosa1VdaPZ/A6QyPkAJuwN0Q1lhULOf6B7MtQmHENS743hWtCrgw==",
      "dev": true,
      "dependencies": {
        "@jridgewell/gen-mapping": "^0.3.0",
        "@jridgewell/trace-mapping": "^0.3.9"
      }
    },
    "node_modules/@jridgewell/source-map/node_modules/@jridgewell/gen-mapping": {
      "version": "0.3.2",
      "resolved": "https://registry.npmjs.org/@jridgewell/gen-mapping/-/gen-mapping-0.3.2.tgz",
      "integrity": "sha512-mh65xKQAzI6iBcFzwv28KVWSmCkdRBWoOh+bYQGW3+6OZvbbN3TqMGo5hqYxQniRcH9F2VZIoJCm4pa3BPDK/A==",
      "dev": true,
      "dependencies": {
        "@jridgewell/set-array": "^1.0.1",
        "@jridgewell/sourcemap-codec": "^1.4.10",
        "@jridgewell/trace-mapping": "^0.3.9"
      },
      "engines": {
        "node": ">=6.0.0"
      }
    },
    "node_modules/@jridgewell/sourcemap-codec": {
      "version": "1.4.14",
      "resolved": "https://registry.npmjs.org/@jridgewell/sourcemap-codec/-/sourcemap-codec-1.4.14.tgz",
      "integrity": "sha512-XPSJHWmi394fuUuzDnGz1wiKqWfo1yXecHQMRf2l6hztTO+nPru658AyDngaBe7isIxEkRsPR3FZh+s7iVa4Uw==",
      "dev": true
    },
    "node_modules/@jridgewell/trace-mapping": {
      "version": "0.3.14",
      "resolved": "https://registry.npmjs.org/@jridgewell/trace-mapping/-/trace-mapping-0.3.14.tgz",
      "integrity": "sha512-bJWEfQ9lPTvm3SneWwRFVLzrh6nhjwqw7TUFFBEMzwvg7t7PCDenf2lDwqo4NQXzdpgBXyFgDWnQA+2vkruksQ==",
      "dev": true,
      "dependencies": {
        "@jridgewell/resolve-uri": "^3.0.3",
        "@jridgewell/sourcemap-codec": "^1.4.10"
      }
    },
    "node_modules/@leichtgewicht/ip-codec": {
      "version": "2.0.4",
      "resolved": "https://registry.npmjs.org/@leichtgewicht/ip-codec/-/ip-codec-2.0.4.tgz",
      "integrity": "sha512-Hcv+nVC0kZnQ3tD9GVu5xSMR4VVYOteQIr/hwFPVEvPdlXqgGEuRjiheChHgdM+JyqdgNcmzZOX/tnl0JOiI7A==",
      "dev": true
    },
    "node_modules/@ngtools/webpack": {
      "version": "14.1.0",
      "resolved": "https://registry.npmjs.org/@ngtools/webpack/-/webpack-14.1.0.tgz",
      "integrity": "sha512-d4U6ymDCXckVgfjYEv1Wjzd78ZSm0NKgq8mN6FdlrCupg02LPIODjeKyNr4c4zwMAOJeHkVNEZ+USoDEK3XSsw==",
      "dev": true,
      "engines": {
        "node": "^14.15.0 || >=16.10.0",
        "npm": "^6.11.0 || ^7.5.6 || >=8.0.0",
        "yarn": ">= 1.13.0"
      },
      "peerDependencies": {
        "@angular/compiler-cli": "^14.0.0",
        "typescript": ">=4.6.2 <4.8",
        "webpack": "^5.54.0"
      }
    },
    "node_modules/@nodelib/fs.scandir": {
      "version": "2.1.5",
      "resolved": "https://registry.npmjs.org/@nodelib/fs.scandir/-/fs.scandir-2.1.5.tgz",
      "integrity": "sha512-vq24Bq3ym5HEQm2NKCr3yXDwjc7vTsEThRDnkp2DK9p1uqLR+DHurm/NOTo0KG7HYHU7eppKZj3MyqYuMBf62g==",
      "dev": true,
      "dependencies": {
        "@nodelib/fs.stat": "2.0.5",
        "run-parallel": "^1.1.9"
      },
      "engines": {
        "node": ">= 8"
      }
    },
    "node_modules/@nodelib/fs.stat": {
      "version": "2.0.5",
      "resolved": "https://registry.npmjs.org/@nodelib/fs.stat/-/fs.stat-2.0.5.tgz",
      "integrity": "sha512-RkhPPp2zrqDAQA/2jNhnztcPAlv64XdhIp7a7454A5ovI7Bukxgt7MX7udwAu3zg1DcpPU0rz3VV1SeaqvY4+A==",
      "dev": true,
      "engines": {
        "node": ">= 8"
      }
    },
    "node_modules/@nodelib/fs.walk": {
      "version": "1.2.8",
      "resolved": "https://registry.npmjs.org/@nodelib/fs.walk/-/fs.walk-1.2.8.tgz",
      "integrity": "sha512-oGB+UxlgWcgQkgwo8GcEGwemoTFt3FIO9ababBmaGwXIoBKZ+GTy0pP185beGg7Llih/NSHSV2XAs1lnznocSg==",
      "dev": true,
      "dependencies": {
        "@nodelib/fs.scandir": "2.1.5",
        "fastq": "^1.6.0"
      },
      "engines": {
        "node": ">= 8"
      }
    },
    "node_modules/@npmcli/fs": {
      "version": "2.1.1",
      "resolved": "https://registry.npmjs.org/@npmcli/fs/-/fs-2.1.1.tgz",
      "integrity": "sha512-1Q0uzx6c/NVNGszePbr5Gc2riSU1zLpNlo/1YWntH+eaPmMgBssAW0qXofCVkpdj3ce4swZtlDYQu+NKiYcptg==",
      "dev": true,
      "dependencies": {
        "@gar/promisify": "^1.1.3",
        "semver": "^7.3.5"
      },
      "engines": {
        "node": "^12.13.0 || ^14.15.0 || >=16.0.0"
      }
    },
    "node_modules/@npmcli/git": {
      "version": "3.0.1",
      "resolved": "https://registry.npmjs.org/@npmcli/git/-/git-3.0.1.tgz",
      "integrity": "sha512-UU85F/T+F1oVn3IsB/L6k9zXIMpXBuUBE25QDH0SsURwT6IOBqkC7M16uqo2vVZIyji3X1K4XH9luip7YekH1A==",
      "dev": true,
      "dependencies": {
        "@npmcli/promise-spawn": "^3.0.0",
        "lru-cache": "^7.4.4",
        "mkdirp": "^1.0.4",
        "npm-pick-manifest": "^7.0.0",
        "proc-log": "^2.0.0",
        "promise-inflight": "^1.0.1",
        "promise-retry": "^2.0.1",
        "semver": "^7.3.5",
        "which": "^2.0.2"
      },
      "engines": {
        "node": "^12.13.0 || ^14.15.0 || >=16.0.0"
      }
    },
    "node_modules/@npmcli/git/node_modules/which": {
      "version": "2.0.2",
      "resolved": "https://registry.npmjs.org/which/-/which-2.0.2.tgz",
      "integrity": "sha512-BLI3Tl1TW3Pvl70l3yq3Y64i+awpwXqsGBYWkkqMtnbXgrMD+yj7rhW0kuEDxzJaYXGjEW5ogapKNMEKNMjibA==",
      "dev": true,
      "dependencies": {
        "isexe": "^2.0.0"
      },
      "bin": {
        "node-which": "bin/node-which"
      },
      "engines": {
        "node": ">= 8"
      }
    },
    "node_modules/@npmcli/installed-package-contents": {
      "version": "1.0.7",
      "resolved": "https://registry.npmjs.org/@npmcli/installed-package-contents/-/installed-package-contents-1.0.7.tgz",
      "integrity": "sha512-9rufe0wnJusCQoLpV9ZPKIVP55itrM5BxOXs10DmdbRfgWtHy1LDyskbwRnBghuB0PrF7pNPOqREVtpz4HqzKw==",
      "dev": true,
      "dependencies": {
        "npm-bundled": "^1.1.1",
        "npm-normalize-package-bin": "^1.0.1"
      },
      "bin": {
        "installed-package-contents": "index.js"
      },
      "engines": {
        "node": ">= 10"
      }
    },
    "node_modules/@npmcli/move-file": {
      "version": "2.0.0",
      "resolved": "https://registry.npmjs.org/@npmcli/move-file/-/move-file-2.0.0.tgz",
      "integrity": "sha512-UR6D5f4KEGWJV6BGPH3Qb2EtgH+t+1XQ1Tt85c7qicN6cezzuHPdZwwAxqZr4JLtnQu0LZsTza/5gmNmSl8XLg==",
      "dev": true,
      "dependencies": {
        "mkdirp": "^1.0.4",
        "rimraf": "^3.0.2"
      },
      "engines": {
        "node": "^12.13.0 || ^14.15.0 || >=16.0.0"
      }
    },
    "node_modules/@npmcli/node-gyp": {
      "version": "2.0.0",
      "resolved": "https://registry.npmjs.org/@npmcli/node-gyp/-/node-gyp-2.0.0.tgz",
      "integrity": "sha512-doNI35wIe3bBaEgrlPfdJPaCpUR89pJWep4Hq3aRdh6gKazIVWfs0jHttvSSoq47ZXgC7h73kDsUl8AoIQUB+A==",
      "dev": true,
      "engines": {
        "node": "^12.13.0 || ^14.15.0 || >=16.0.0"
      }
    },
    "node_modules/@npmcli/promise-spawn": {
      "version": "3.0.0",
      "resolved": "https://registry.npmjs.org/@npmcli/promise-spawn/-/promise-spawn-3.0.0.tgz",
      "integrity": "sha512-s9SgS+p3a9Eohe68cSI3fi+hpcZUmXq5P7w0kMlAsWVtR7XbK3ptkZqKT2cK1zLDObJ3sR+8P59sJE0w/KTL1g==",
      "dev": true,
      "dependencies": {
        "infer-owner": "^1.0.4"
      },
      "engines": {
        "node": "^12.13.0 || ^14.15.0 || >=16.0.0"
      }
    },
    "node_modules/@npmcli/run-script": {
      "version": "4.2.0",
      "resolved": "https://registry.npmjs.org/@npmcli/run-script/-/run-script-4.2.0.tgz",
      "integrity": "sha512-e/QgLg7j2wSJp1/7JRl0GC8c7PMX+uYlA/1Tb+IDOLdSM4T7K1VQ9mm9IGU3WRtY5vEIObpqCLb3aCNCug18DA==",
      "dev": true,
      "dependencies": {
        "@npmcli/node-gyp": "^2.0.0",
        "@npmcli/promise-spawn": "^3.0.0",
        "node-gyp": "^9.0.0",
        "read-package-json-fast": "^2.0.3",
        "which": "^2.0.2"
      },
      "engines": {
        "node": "^12.13.0 || ^14.15.0 || >=16.0.0"
      }
    },
    "node_modules/@npmcli/run-script/node_modules/which": {
      "version": "2.0.2",
      "resolved": "https://registry.npmjs.org/which/-/which-2.0.2.tgz",
      "integrity": "sha512-BLI3Tl1TW3Pvl70l3yq3Y64i+awpwXqsGBYWkkqMtnbXgrMD+yj7rhW0kuEDxzJaYXGjEW5ogapKNMEKNMjibA==",
      "dev": true,
      "dependencies": {
        "isexe": "^2.0.0"
      },
      "bin": {
        "node-which": "bin/node-which"
      },
      "engines": {
        "node": ">= 8"
      }
    },
    "node_modules/@popperjs/core": {
      "version": "2.11.5",
      "resolved": "https://registry.npmjs.org/@popperjs/core/-/core-2.11.5.tgz",
      "integrity": "sha512-9X2obfABZuDVLCgPK9aX0a/x4jaOEweTTWE2+9sr0Qqqevj2Uv5XorvusThmc9XGYpS9yI+fhh8RTafBtGposw==",
      "peer": true,
      "funding": {
        "type": "opencollective",
        "url": "https://opencollective.com/popperjs"
      }
    },
    "node_modules/@schematics/angular": {
      "version": "14.1.0",
      "resolved": "https://registry.npmjs.org/@schematics/angular/-/angular-14.1.0.tgz",
      "integrity": "sha512-lhqNZzA+iT3XwlwRU757mhYmd5WE9XB2OKFhosvvszou2zuNUJMDPR9P01ZVNCOa2fScOeCMg2q3ZDgGTBl96Q==",
      "dev": true,
      "dependencies": {
        "@angular-devkit/core": "14.1.0",
        "@angular-devkit/schematics": "14.1.0",
        "jsonc-parser": "3.1.0"
      },
      "engines": {
        "node": "^14.15.0 || >=16.10.0",
        "npm": "^6.11.0 || ^7.5.6 || >=8.0.0",
        "yarn": ">= 1.13.0"
      }
    },
    "node_modules/@tootallnate/once": {
      "version": "2.0.0",
      "resolved": "https://registry.npmjs.org/@tootallnate/once/-/once-2.0.0.tgz",
      "integrity": "sha512-XCuKFP5PS55gnMVu3dty8KPatLqUoy/ZYzDzAGCQ8JNFCkLXzmI7vNHCR+XpbZaMWQK/vQubr7PkYq8g470J/A==",
      "dev": true,
      "engines": {
        "node": ">= 10"
      }
    },
    "node_modules/@types/body-parser": {
      "version": "1.19.2",
      "resolved": "https://registry.npmjs.org/@types/body-parser/-/body-parser-1.19.2.tgz",
      "integrity": "sha512-ALYone6pm6QmwZoAgeyNksccT9Q4AWZQ6PvfwR37GT6r6FWUPguq6sUmNGSMV2Wr761oQoBxwGGa6DR5o1DC9g==",
      "dev": true,
      "dependencies": {
        "@types/connect": "*",
        "@types/node": "*"
      }
    },
    "node_modules/@types/bonjour": {
      "version": "3.5.10",
      "resolved": "https://registry.npmjs.org/@types/bonjour/-/bonjour-3.5.10.tgz",
      "integrity": "sha512-p7ienRMiS41Nu2/igbJxxLDWrSZ0WxM8UQgCeO9KhoVF7cOVFkrKsiDr1EsJIla8vV3oEEjGcz11jc5yimhzZw==",
      "dev": true,
      "dependencies": {
        "@types/node": "*"
      }
    },
    "node_modules/@types/component-emitter": {
      "version": "1.2.11",
      "resolved": "https://registry.npmjs.org/@types/component-emitter/-/component-emitter-1.2.11.tgz",
      "integrity": "sha512-SRXjM+tfsSlA9VuG8hGO2nft2p8zjXCK1VcC6N4NXbBbYbSia9kzCChYQajIjzIqOOOuh5Ock6MmV2oux4jDZQ==",
      "dev": true
    },
    "node_modules/@types/connect": {
      "version": "3.4.35",
      "resolved": "https://registry.npmjs.org/@types/connect/-/connect-3.4.35.tgz",
      "integrity": "sha512-cdeYyv4KWoEgpBISTxWvqYsVy444DOqehiF3fM3ne10AmJ62RSyNkUnxMJXHQWRQQX2eR94m5y1IZyDwBjV9FQ==",
      "dev": true,
      "dependencies": {
        "@types/node": "*"
      }
    },
    "node_modules/@types/connect-history-api-fallback": {
      "version": "1.3.5",
      "resolved": "https://registry.npmjs.org/@types/connect-history-api-fallback/-/connect-history-api-fallback-1.3.5.tgz",
      "integrity": "sha512-h8QJa8xSb1WD4fpKBDcATDNGXghFj6/3GRWG6dhmRcu0RX1Ubasur2Uvx5aeEwlf0MwblEC2bMzzMQntxnw/Cw==",
      "dev": true,
      "dependencies": {
        "@types/express-serve-static-core": "*",
        "@types/node": "*"
      }
    },
    "node_modules/@types/cookie": {
      "version": "0.4.1",
      "resolved": "https://registry.npmjs.org/@types/cookie/-/cookie-0.4.1.tgz",
      "integrity": "sha512-XW/Aa8APYr6jSVVA1y/DEIZX0/GMKLEVekNG727R8cs56ahETkRAy/3DR7+fJyh7oUgGwNQaRfXCun0+KbWY7Q==",
      "dev": true
    },
    "node_modules/@types/cors": {
      "version": "2.8.12",
      "resolved": "https://registry.npmjs.org/@types/cors/-/cors-2.8.12.tgz",
      "integrity": "sha512-vt+kDhq/M2ayberEtJcIN/hxXy1Pk+59g2FV/ZQceeaTyCtCucjL2Q7FXlFjtWn4n15KCr1NE2lNNFhp0lEThw==",
      "dev": true
    },
    "node_modules/@types/eslint": {
      "version": "8.4.5",
      "resolved": "https://registry.npmjs.org/@types/eslint/-/eslint-8.4.5.tgz",
      "integrity": "sha512-dhsC09y1gpJWnK+Ff4SGvCuSnk9DaU0BJZSzOwa6GVSg65XtTugLBITDAAzRU5duGBoXBHpdR/9jHGxJjNflJQ==",
      "dev": true,
      "dependencies": {
        "@types/estree": "*",
        "@types/json-schema": "*"
      }
    },
    "node_modules/@types/eslint-scope": {
      "version": "3.7.4",
      "resolved": "https://registry.npmjs.org/@types/eslint-scope/-/eslint-scope-3.7.4.tgz",
      "integrity": "sha512-9K4zoImiZc3HlIp6AVUDE4CWYx22a+lhSZMYNpbjW04+YF0KWj4pJXnEMjdnFTiQibFFmElcsasJXDbdI/EPhA==",
      "dev": true,
      "dependencies": {
        "@types/eslint": "*",
        "@types/estree": "*"
      }
    },
    "node_modules/@types/estree": {
      "version": "0.0.51",
      "resolved": "https://registry.npmjs.org/@types/estree/-/estree-0.0.51.tgz",
      "integrity": "sha512-CuPgU6f3eT/XgKKPqKd/gLZV1Xmvf1a2R5POBOGQa6uv82xpls89HU5zKeVoyR8XzHd1RGNOlQlvUe3CFkjWNQ==",
      "dev": true
    },
    "node_modules/@types/express": {
      "version": "4.17.13",
      "resolved": "https://registry.npmjs.org/@types/express/-/express-4.17.13.tgz",
      "integrity": "sha512-6bSZTPaTIACxn48l50SR+axgrqm6qXFIxrdAKaG6PaJk3+zuUr35hBlgT7vOmJcum+OEaIBLtHV/qloEAFITeA==",
      "dev": true,
      "dependencies": {
        "@types/body-parser": "*",
        "@types/express-serve-static-core": "^4.17.18",
        "@types/qs": "*",
        "@types/serve-static": "*"
      }
    },
    "node_modules/@types/express-serve-static-core": {
      "version": "4.17.30",
      "resolved": "https://registry.npmjs.org/@types/express-serve-static-core/-/express-serve-static-core-4.17.30.tgz",
      "integrity": "sha512-gstzbTWro2/nFed1WXtf+TtrpwxH7Ggs4RLYTLbeVgIkUQOI3WG/JKjgeOU1zXDvezllupjrf8OPIdvTbIaVOQ==",
      "dev": true,
      "dependencies": {
        "@types/node": "*",
        "@types/qs": "*",
        "@types/range-parser": "*"
      }
    },
    "node_modules/@types/http-proxy": {
      "version": "1.17.9",
      "resolved": "https://registry.npmjs.org/@types/http-proxy/-/http-proxy-1.17.9.tgz",
      "integrity": "sha512-QsbSjA/fSk7xB+UXlCT3wHBy5ai9wOcNDWwZAtud+jXhwOM3l+EYZh8Lng4+/6n8uar0J7xILzqftJdJ/Wdfkw==",
      "dev": true,
      "dependencies": {
        "@types/node": "*"
      }
    },
    "node_modules/@types/jasmine": {
      "version": "4.0.3",
      "resolved": "https://registry.npmjs.org/@types/jasmine/-/jasmine-4.0.3.tgz",
      "integrity": "sha512-Opp1LvvEuZdk8fSSvchK2mZwhVrsNT0JgJE9Di6MjnaIpmEXM8TLCPPrVtNTYh8+5MPdY8j9bAHMu2SSfwpZJg==",
      "dev": true
    },
    "node_modules/@types/json-schema": {
      "version": "7.0.11",
      "resolved": "https://registry.npmjs.org/@types/json-schema/-/json-schema-7.0.11.tgz",
      "integrity": "sha512-wOuvG1SN4Us4rez+tylwwwCV1psiNVOkJeM3AUWUNWg/jDQY2+HE/444y5gc+jBmRqASOm2Oeh5c1axHobwRKQ==",
      "dev": true
    },
    "node_modules/@types/mime": {
      "version": "3.0.0",
      "resolved": "https://registry.npmjs.org/@types/mime/-/mime-3.0.0.tgz",
      "integrity": "sha512-fccbsHKqFDXClBZTDLA43zl0+TbxyIwyzIzwwhvoJvhNjOErCdeX2xJbURimv2EbSVUGav001PaCJg4mZxMl4w==",
      "dev": true
    },
    "node_modules/@types/node": {
      "version": "18.6.3",
      "resolved": "https://registry.npmjs.org/@types/node/-/node-18.6.3.tgz",
      "integrity": "sha512-6qKpDtoaYLM+5+AFChLhHermMQxc3TOEFIDzrZLPRGHPrLEwqFkkT5Kx3ju05g6X7uDPazz3jHbKPX0KzCjntg==",
      "dev": true
    },
    "node_modules/@types/parse-json": {
      "version": "4.0.0",
      "resolved": "https://registry.npmjs.org/@types/parse-json/-/parse-json-4.0.0.tgz",
      "integrity": "sha512-//oorEZjL6sbPcKUaCdIGlIUeH26mgzimjBB77G6XRgnDl/L5wOnpyBGRe/Mmf5CVW3PwEBE1NjiMZ/ssFh4wA==",
      "dev": true
    },
    "node_modules/@types/qs": {
      "version": "6.9.7",
      "resolved": "https://registry.npmjs.org/@types/qs/-/qs-6.9.7.tgz",
      
